
Microsoft Visual Studio Solution File, Format Version 12.00
# Visual Studio Version 17
VisualStudioVersion = 17.0.31903.59
MinimumVisualStudioVersion = 10.0.40219.1
Project("{FAE04EC0-301F-11D3-BF4B-00C04F79EFBC}") = "PruebaInmobiApi", "PruebaInmobiApi.csproj", "{6FE56670-9B0B-4AC8-9301-7A2EFB65022B}"
EndProject
Project("{FAE04EC0-301F-11D3-BF4B-00C04F79EFBC}") = "PruebaInmobiApi.Tests", "PruebaInmobiApi.Tests\PruebaInmobiApi.Tests.csproj", "{1DAE77A4-FFDF-4DCA-9BCC-2062C63F6F1F}"
EndProject
Global
	GlobalSection(SolutionConfigurationPlatforms) = preSolution
		Debug|Any CPU = Debug|Any CPU
		Release|Any CPU = Release|Any CPU
	EndGlobalSection
	GlobalSection(SolutionProperties) = preSolution
		HideSolutionNode = FALSE
	EndGlobalSection
	GlobalSection(ProjectConfigurationPlatforms) = postSolution
		{6FE56670-9B0B-4AC8-9301-7A2EFB65022B}.Debug|Any CPU.ActiveCfg = Debug|Any CPU
		{6FE56670-9B0B-4AC8-9301-7A2EFB65022B}.Debug|Any CPU.Build.0 = Debug|Any CPU
		{6FE56670-9B0B-4AC8-9301-7A2EFB65022B}.Release|Any CPU.ActiveCfg = Release|Any CPU
		{6FE56670-9B0B-4AC8-9301-7A2EFB65022B}.Release|Any CPU.Build.0 = Release|Any CPU
		{1DAE77A4-FFDF-4DCA-9BCC-2062C63F6F1F}.Debug|Any CPU.ActiveCfg = Debug|Any CPU
		{1DAE77A4-FFDF-4DCA-9BCC-2062C63F6F1F}.Debug|Any CPU.Build.0 = Debug|Any CPU
		{1DAE77A4-FFDF-4DCA-9BCC-2062C63F6F1F}.Release|Any CPU.ActiveCfg = Release|Any CPU
		{1DAE77A4-FFDF-4DCA-9BCC-2062C63F6F1F}.Release|Any CPU.Build.0 = Release|Any CPU
	EndGlobalSection
EndGlobal
